
Microsoft Visual Studio Solution File, Format Version 12.00
# Visual Studio Version 17
VisualStudioVersion = 17.9.34622.214
MinimumVisualStudioVersion = 10.0.40219.1
Project("{FAE04EC0-301F-11D3-BF4B-00C04F79EFBC}") = "Eser_03_Task", "Eser_03_Task\Eser_03_Task.csproj", "{22F10A51-8C8D-4B5E-BBBD-EADF23A964BE}"
EndProject
Global
	GlobalSection(SolutionConfigurationPlatforms) = preSolution
		Debug|Any CPU = Debug|Any CPU
		Release|Any CPU = Release|Any CPU
	EndGlobalSection
	GlobalSection(ProjectConfigurationPlatforms) = postSolution
		{22F10A51-8C8D-4B5E-BBBD-EADF23A964BE}.Debug|Any CPU.ActiveCfg = Debug|Any CPU
		{22F10A51-8C8D-4B5E-BBBD-EADF23A964BE}.Debug|Any CPU.Build.0 = Debug|Any CPU
		{22F10A51-8C8D-4B5E-BBBD-EADF23A964BE}.Release|Any CPU.ActiveCfg = Release|Any CPU
		{22F10A51-8C8D-4B5E-BBBD-EADF23A964BE}.Release|Any CPU.Build.0 = Release|Any CPU
	EndGlobalSection
	GlobalSection(SolutionProperties) = preSolution
		HideSolutionNode = FALSE
	EndGlobalSection
	GlobalSection(ExtensibilityGlobals) = postSolution
		SolutionGuid = {79C842C2-2DE7-44D3-9C4C-6A26FEFB7B35}
	EndGlobalSection
EndGlobal
