
Microsoft Visual Studio Solution File, Format Version 12.00
# Visual Studio Version 17
VisualStudioVersion = 17.10.34707.107
MinimumVisualStudioVersion = 10.0.40219.1
Project("{FAE04EC0-301F-11D3-BF4B-00C04F79EFBC}") = "asp_lez02_EF_libreria", "asp_lez02_EF_libreria\asp_lez02_EF_libreria.csproj", "{DBDC1C1C-62CA-4F62-B58B-8DFB98FF9129}"
EndProject
Global
	GlobalSection(SolutionConfigurationPlatforms) = preSolution
		Debug|Any CPU = Debug|Any CPU
		Release|Any CPU = Release|Any CPU
	EndGlobalSection
	GlobalSection(ProjectConfigurationPlatforms) = postSolution
		{DBDC1C1C-62CA-4F62-B58B-8DFB98FF9129}.Debug|Any CPU.ActiveCfg = Debug|Any CPU
		{DBDC1C1C-62CA-4F62-B58B-8DFB98FF9129}.Debug|Any CPU.Build.0 = Debug|Any CPU
		{DBDC1C1C-62CA-4F62-B58B-8DFB98FF9129}.Release|Any CPU.ActiveCfg = Release|Any CPU
		{DBDC1C1C-62CA-4F62-B58B-8DFB98FF9129}.Release|Any CPU.Build.0 = Release|Any CPU
	EndGlobalSection
	GlobalSection(SolutionProperties) = preSolution
		HideSolutionNode = FALSE
	EndGlobalSection
	GlobalSection(ExtensibilityGlobals) = postSolution
		SolutionGuid = {0DD96F95-F223-4E6F-B6AF-D8BC97A10E17}
	EndGlobalSection
EndGlobal
