
Microsoft Visual Studio Solution File, Format Version 12.00
# Visual Studio Version 17
VisualStudioVersion = 17.10.34707.107
MinimumVisualStudioVersion = 10.0.40219.1
Project("{FAE04EC0-301F-11D3-BF4B-00C04F79EFBC}") = "DB_lez_ef_introduzione", "DB_lez_ef_introduzione\DB_lez_ef_introduzione.csproj", "{8ACB3205-C551-4568-8D83-2FC63DC48F79}"
EndProject
Global
	GlobalSection(SolutionConfigurationPlatforms) = preSolution
		Debug|Any CPU = Debug|Any CPU
		Release|Any CPU = Release|Any CPU
	EndGlobalSection
	GlobalSection(ProjectConfigurationPlatforms) = postSolution
		{8ACB3205-C551-4568-8D83-2FC63DC48F79}.Debug|Any CPU.ActiveCfg = Debug|Any CPU
		{8ACB3205-C551-4568-8D83-2FC63DC48F79}.Debug|Any CPU.Build.0 = Debug|Any CPU
		{8ACB3205-C551-4568-8D83-2FC63DC48F79}.Release|Any CPU.ActiveCfg = Release|Any CPU
		{8ACB3205-C551-4568-8D83-2FC63DC48F79}.Release|Any CPU.Build.0 = Release|Any CPU
	EndGlobalSection
	GlobalSection(SolutionProperties) = preSolution
		HideSolutionNode = FALSE
	EndGlobalSection
	GlobalSection(ExtensibilityGlobals) = postSolution
		SolutionGuid = {D34C1F68-09B1-4361-B2F9-EBAFC70110E5}
	EndGlobalSection
EndGlobal
