
Microsoft Visual Studio Solution File, Format Version 12.00
# Visual Studio Version 17
VisualStudioVersion = 17.9.34622.214
MinimumVisualStudioVersion = 10.0.40219.1
Project("{FAE04EC0-301F-11D3-BF4B-00C04F79EFBC}") = "Lez02_06_CicliSemplici", "Lez02_06_CicliSemplici\Lez02_06_CicliSemplici.csproj", "{C2FA7A26-64C3-4CCF-B70E-AC115379366D}"
EndProject
Global
	GlobalSection(SolutionConfigurationPlatforms) = preSolution
		Debug|Any CPU = Debug|Any CPU
		Release|Any CPU = Release|Any CPU
	EndGlobalSection
	GlobalSection(ProjectConfigurationPlatforms) = postSolution
		{C2FA7A26-64C3-4CCF-B70E-AC115379366D}.Debug|Any CPU.ActiveCfg = Debug|Any CPU
		{C2FA7A26-64C3-4CCF-B70E-AC115379366D}.Debug|Any CPU.Build.0 = Debug|Any CPU
		{C2FA7A26-64C3-4CCF-B70E-AC115379366D}.Release|Any CPU.ActiveCfg = Release|Any CPU
		{C2FA7A26-64C3-4CCF-B70E-AC115379366D}.Release|Any CPU.Build.0 = Release|Any CPU
	EndGlobalSection
	GlobalSection(SolutionProperties) = preSolution
		HideSolutionNode = FALSE
	EndGlobalSection
	GlobalSection(ExtensibilityGlobals) = postSolution
		SolutionGuid = {A2FFC7E0-5E75-402A-B330-2DDA45487325}
	EndGlobalSection
EndGlobal
